// !$*UTF8*$!
{
	archiveVersion = 1;
	classes = {
	};
	objectVersion = 56;
	objects = {

/* Begin PBXBuildFile section */
		05083B923D6EB143B0BA46E1 /* Pods_WithMorning_iOS.framework in Frameworks */ = {isa = PBXBuildFile; fileRef = 5F7878B73D8AD66854885BC9 /* Pods_WithMorning_iOS.framework */; };
		D10F846F2BC7E7CF00F3A172 /* UIColor_Extension.swift in Sources */ = {isa = PBXBuildFile; fileRef = D10F846E2BC7E7CF00F3A172 /* UIColor_Extension.swift */; };
		D129AAF12C2D4C0800F995D2 /* CellMenuViewController.swift in Sources */ = {isa = PBXBuildFile; fileRef = D129AAF02C2D4C0800F995D2 /* CellMenuViewController.swift */; };
		D12FF2532C2FCB2F00B22DB4 /* CodeBtnViewController.swift in Sources */ = {isa = PBXBuildFile; fileRef = D12FF2522C2FCB2F00B22DB4 /* CodeBtnViewController.swift */; };
		D135377D2C3285AD004B49BB /* AlterViewController.swift in Sources */ = {isa = PBXBuildFile; fileRef = D135377C2C3285AD004B49BB /* AlterViewController.swift */; };
		D146706B2BEA8FF9007B7132 /* MyPageViewController.swift in Sources */ = {isa = PBXBuildFile; fileRef = D146706A2BEA8FF9007B7132 /* MyPageViewController.swift */; };
		D14A2D6C2BC8EB810087E0CB /* DesignSystem.swift in Sources */ = {isa = PBXBuildFile; fileRef = D14A2D6B2BC8EB810087E0CB /* DesignSystem.swift */; };
		D15AE7342BC990DA00024CE3 /* Pretendard-Bold.otf in Resources */ = {isa = PBXBuildFile; fileRef = D15AE7332BC990DA00024CE3 /* Pretendard-Bold.otf */; };
		D15AE7362BC990E200024CE3 /* Pretendard-Medium.otf in Resources */ = {isa = PBXBuildFile; fileRef = D15AE7352BC990E200024CE3 /* Pretendard-Medium.otf */; };
		D15AE7382BC990E900024CE3 /* Pretendard-SemiBold.otf in Resources */ = {isa = PBXBuildFile; fileRef = D15AE7372BC990E900024CE3 /* Pretendard-SemiBold.otf */; };
		D15AE73A2BC995B800024CE3 /* UIView_Extension.swift in Sources */ = {isa = PBXBuildFile; fileRef = D15AE7392BC995B800024CE3 /* UIView_Extension.swift */; };
		D15D60C72BCA8BC3009C0874 /* AlarmTableViewCell.swift in Sources */ = {isa = PBXBuildFile; fileRef = D15D60C62BCA8BC3009C0874 /* AlarmTableViewCell.swift */; };
		D16F5FD12BC65671006640F9 /* Network.swift in Sources */ = {isa = PBXBuildFile; fileRef = D16F5FD02BC65671006640F9 /* Network.swift */; };
		D16F5FD32BC65679006640F9 /* Constants.swift in Sources */ = {isa = PBXBuildFile; fileRef = D16F5FD22BC65679006640F9 /* Constants.swift */; };
		D16F5FD52BC65680006640F9 /* Router.swift in Sources */ = {isa = PBXBuildFile; fileRef = D16F5FD42BC65680006640F9 /* Router.swift */; };
		D1773F892BC988AB005C82FA /* UIFont_Extension.swift in Sources */ = {isa = PBXBuildFile; fileRef = D1773F882BC988AB005C82FA /* UIFont_Extension.swift */; };
		D19A9CB22C26901100748CE8 /* MakeAlarmViewController.swift in Sources */ = {isa = PBXBuildFile; fileRef = D19A9CB12C26901100748CE8 /* MakeAlarmViewController.swift */; };
		D1D891EA2C4263C500ED8092 /* GoogleService-Info.plist in Resources */ = {isa = PBXBuildFile; fileRef = D1D891E92C4263C500ED8092 /* GoogleService-Info.plist */; };
		D1D891EE2C42684B00ED8092 /* FirebaseAnalytics in Frameworks */ = {isa = PBXBuildFile; productRef = D1D891ED2C42684B00ED8092 /* FirebaseAnalytics */; };
		D1D891F02C42684B00ED8092 /* FirebaseAnalyticsOnDeviceConversion in Frameworks */ = {isa = PBXBuildFile; productRef = D1D891EF2C42684B00ED8092 /* FirebaseAnalyticsOnDeviceConversion */; };
		D1D891F22C42684B00ED8092 /* FirebaseAnalyticsSwift in Frameworks */ = {isa = PBXBuildFile; productRef = D1D891F12C42684B00ED8092 /* FirebaseAnalyticsSwift */; };
		D1D891F42C42684B00ED8092 /* FirebaseAnalyticsWithoutAdIdSupport in Frameworks */ = {isa = PBXBuildFile; productRef = D1D891F32C42684B00ED8092 /* FirebaseAnalyticsWithoutAdIdSupport */; };
		D1D891F62C42684B00ED8092 /* FirebaseInAppMessaging-Beta in Frameworks */ = {isa = PBXBuildFile; productRef = D1D891F52C42684B00ED8092 /* FirebaseInAppMessaging-Beta */; };
		D1D891F82C42684B00ED8092 /* FirebaseInAppMessagingSwift-Beta in Frameworks */ = {isa = PBXBuildFile; productRef = D1D891F72C42684B00ED8092 /* FirebaseInAppMessagingSwift-Beta */; };
		D1DECB212BE54B37009AC667 /* Pretendard-Regular.otf in Resources */ = {isa = PBXBuildFile; fileRef = D1DECB1B2BE54B37009AC667 /* Pretendard-Regular.otf */; };
		D1DECB222BE54B37009AC667 /* Pretendard-Black.otf in Resources */ = {isa = PBXBuildFile; fileRef = D1DECB1C2BE54B37009AC667 /* Pretendard-Black.otf */; };
		D1DECB232BE54B37009AC667 /* Pretendard-ExtraBold.otf in Resources */ = {isa = PBXBuildFile; fileRef = D1DECB1D2BE54B37009AC667 /* Pretendard-ExtraBold.otf */; };
		D1DECB242BE54B37009AC667 /* Pretendard-Thin.otf in Resources */ = {isa = PBXBuildFile; fileRef = D1DECB1E2BE54B37009AC667 /* Pretendard-Thin.otf */; };
		D1DECB252BE54B37009AC667 /* Pretendard-ExtraLight.otf in Resources */ = {isa = PBXBuildFile; fileRef = D1DECB1F2BE54B37009AC667 /* Pretendard-ExtraLight.otf */; };
		D1DECB262BE54B37009AC667 /* Pretendard-Light.otf in Resources */ = {isa = PBXBuildFile; fileRef = D1DECB202BE54B37009AC667 /* Pretendard-Light.otf */; };
		D1E1DF822C3AD04F001A132F /* WeekChoiceViewController.swift in Sources */ = {isa = PBXBuildFile; fileRef = D1E1DF812C3AD04F001A132F /* WeekChoiceViewController.swift */; };
		D1E672BB2BC4FD3300A32790 /* AppDelegate.swift in Sources */ = {isa = PBXBuildFile; fileRef = D1E672BA2BC4FD3300A32790 /* AppDelegate.swift */; };
		D1E672BD2BC4FD3300A32790 /* SceneDelegate.swift in Sources */ = {isa = PBXBuildFile; fileRef = D1E672BC2BC4FD3300A32790 /* SceneDelegate.swift */; };
		D1E672BF2BC4FD3300A32790 /* MainViewController.swift in Sources */ = {isa = PBXBuildFile; fileRef = D1E672BE2BC4FD3300A32790 /* MainViewController.swift */; };
		D1E672C42BC4FD3500A32790 /* Assets.xcassets in Resources */ = {isa = PBXBuildFile; fileRef = D1E672C32BC4FD3500A32790 /* Assets.xcassets */; };
		D1E672C72BC4FD3500A32790 /* Base in Resources */ = {isa = PBXBuildFile; fileRef = D1E672C62BC4FD3500A32790 /* Base */; };
/* End PBXBuildFile section */

/* Begin PBXFileReference section */
		5F7878B73D8AD66854885BC9 /* Pods_WithMorning_iOS.framework */ = {isa = PBXFileReference; explicitFileType = wrapper.framework; includeInIndex = 0; path = Pods_WithMorning_iOS.framework; sourceTree = BUILT_PRODUCTS_DIR; };
		6DCBFF9B66FC891ADD99B059 /* Pods-WithMorning_iOS.debug.xcconfig */ = {isa = PBXFileReference; includeInIndex = 1; lastKnownFileType = text.xcconfig; name = "Pods-WithMorning_iOS.debug.xcconfig"; path = "Target Support Files/Pods-WithMorning_iOS/Pods-WithMorning_iOS.debug.xcconfig"; sourceTree = "<group>"; };
		C11DEB06ED24EC837FF59366 /* Pods-WithMorning_iOS.release.xcconfig */ = {isa = PBXFileReference; includeInIndex = 1; lastKnownFileType = text.xcconfig; name = "Pods-WithMorning_iOS.release.xcconfig"; path = "Target Support Files/Pods-WithMorning_iOS/Pods-WithMorning_iOS.release.xcconfig"; sourceTree = "<group>"; };
		D10F846E2BC7E7CF00F3A172 /* UIColor_Extension.swift */ = {isa = PBXFileReference; lastKnownFileType = sourcecode.swift; path = UIColor_Extension.swift; sourceTree = "<group>"; };
		D129AAF02C2D4C0800F995D2 /* CellMenuViewController.swift */ = {isa = PBXFileReference; lastKnownFileType = sourcecode.swift; path = CellMenuViewController.swift; sourceTree = "<group>"; };
		D12FF2522C2FCB2F00B22DB4 /* CodeBtnViewController.swift */ = {isa = PBXFileReference; lastKnownFileType = sourcecode.swift; path = CodeBtnViewController.swift; sourceTree = "<group>"; };
		D135377C2C3285AD004B49BB /* AlterViewController.swift */ = {isa = PBXFileReference; lastKnownFileType = sourcecode.swift; path = AlterViewController.swift; sourceTree = "<group>"; };
		D146706A2BEA8FF9007B7132 /* MyPageViewController.swift */ = {isa = PBXFileReference; lastKnownFileType = sourcecode.swift; path = MyPageViewController.swift; sourceTree = "<group>"; };
		D14A2D6B2BC8EB810087E0CB /* DesignSystem.swift */ = {isa = PBXFileReference; lastKnownFileType = sourcecode.swift; path = DesignSystem.swift; sourceTree = "<group>"; };
		D15AE7332BC990DA00024CE3 /* Pretendard-Bold.otf */ = {isa = PBXFileReference; lastKnownFileType = file; path = "Pretendard-Bold.otf"; sourceTree = "<group>"; };
		D15AE7352BC990E200024CE3 /* Pretendard-Medium.otf */ = {isa = PBXFileReference; lastKnownFileType = file; path = "Pretendard-Medium.otf"; sourceTree = "<group>"; };
		D15AE7372BC990E900024CE3 /* Pretendard-SemiBold.otf */ = {isa = PBXFileReference; lastKnownFileType = file; path = "Pretendard-SemiBold.otf"; sourceTree = "<group>"; };
		D15AE7392BC995B800024CE3 /* UIView_Extension.swift */ = {isa = PBXFileReference; lastKnownFileType = sourcecode.swift; path = UIView_Extension.swift; sourceTree = "<group>"; };
		D15D60C62BCA8BC3009C0874 /* AlarmTableViewCell.swift */ = {isa = PBXFileReference; lastKnownFileType = sourcecode.swift; path = AlarmTableViewCell.swift; sourceTree = "<group>"; };
		D16F5FD02BC65671006640F9 /* Network.swift */ = {isa = PBXFileReference; lastKnownFileType = sourcecode.swift; path = Network.swift; sourceTree = "<group>"; };
		D16F5FD22BC65679006640F9 /* Constants.swift */ = {isa = PBXFileReference; lastKnownFileType = sourcecode.swift; path = Constants.swift; sourceTree = "<group>"; };
		D16F5FD42BC65680006640F9 /* Router.swift */ = {isa = PBXFileReference; lastKnownFileType = sourcecode.swift; path = Router.swift; sourceTree = "<group>"; };
		D1773F882BC988AB005C82FA /* UIFont_Extension.swift */ = {isa = PBXFileReference; lastKnownFileType = sourcecode.swift; path = UIFont_Extension.swift; sourceTree = "<group>"; };
		D19A9CB12C26901100748CE8 /* MakeAlarmViewController.swift */ = {isa = PBXFileReference; lastKnownFileType = sourcecode.swift; path = MakeAlarmViewController.swift; sourceTree = "<group>"; };
		D1D891E92C4263C500ED8092 /* GoogleService-Info.plist */ = {isa = PBXFileReference; fileEncoding = 4; lastKnownFileType = text.plist.xml; name = "GoogleService-Info.plist"; path = "../../../Downloads/GoogleService-Info.plist"; sourceTree = "<group>"; };
		D1DECB1B2BE54B37009AC667 /* Pretendard-Regular.otf */ = {isa = PBXFileReference; lastKnownFileType = file; path = "Pretendard-Regular.otf"; sourceTree = "<group>"; };
		D1DECB1C2BE54B37009AC667 /* Pretendard-Black.otf */ = {isa = PBXFileReference; lastKnownFileType = file; path = "Pretendard-Black.otf"; sourceTree = "<group>"; };
		D1DECB1D2BE54B37009AC667 /* Pretendard-ExtraBold.otf */ = {isa = PBXFileReference; lastKnownFileType = file; path = "Pretendard-ExtraBold.otf"; sourceTree = "<group>"; };
		D1DECB1E2BE54B37009AC667 /* Pretendard-Thin.otf */ = {isa = PBXFileReference; lastKnownFileType = file; path = "Pretendard-Thin.otf"; sourceTree = "<group>"; };
		D1DECB1F2BE54B37009AC667 /* Pretendard-ExtraLight.otf */ = {isa = PBXFileReference; lastKnownFileType = file; path = "Pretendard-ExtraLight.otf"; sourceTree = "<group>"; };
		D1DECB202BE54B37009AC667 /* Pretendard-Light.otf */ = {isa = PBXFileReference; lastKnownFileType = file; path = "Pretendard-Light.otf"; sourceTree = "<group>"; };
		D1E1DF812C3AD04F001A132F /* WeekChoiceViewController.swift */ = {isa = PBXFileReference; lastKnownFileType = sourcecode.swift; path = WeekChoiceViewController.swift; sourceTree = "<group>"; };
		D1E672B72BC4FD3300A32790 /* WithMorning_iOS.app */ = {isa = PBXFileReference; explicitFileType = wrapper.application; includeInIndex = 0; path = WithMorning_iOS.app; sourceTree = BUILT_PRODUCTS_DIR; };
		D1E672BA2BC4FD3300A32790 /* AppDelegate.swift */ = {isa = PBXFileReference; lastKnownFileType = sourcecode.swift; path = AppDelegate.swift; sourceTree = "<group>"; };
		D1E672BC2BC4FD3300A32790 /* SceneDelegate.swift */ = {isa = PBXFileReference; lastKnownFileType = sourcecode.swift; path = SceneDelegate.swift; sourceTree = "<group>"; };
		D1E672BE2BC4FD3300A32790 /* MainViewController.swift */ = {isa = PBXFileReference; lastKnownFileType = sourcecode.swift; path = MainViewController.swift; sourceTree = "<group>"; };
		D1E672C32BC4FD3500A32790 /* Assets.xcassets */ = {isa = PBXFileReference; lastKnownFileType = folder.assetcatalog; path = Assets.xcassets; sourceTree = "<group>"; };
		D1E672C62BC4FD3500A32790 /* Base */ = {isa = PBXFileReference; lastKnownFileType = file.storyboard; name = Base; path = Base.lproj/LaunchScreen.storyboard; sourceTree = "<group>"; };
		D1E672C82BC4FD3500A32790 /* Info.plist */ = {isa = PBXFileReference; lastKnownFileType = text.plist.xml; path = Info.plist; sourceTree = "<group>"; };
/* End PBXFileReference section */

/* Begin PBXFrameworksBuildPhase section */
		D1E672B42BC4FD3300A32790 /* Frameworks */ = {
			isa = PBXFrameworksBuildPhase;
			buildActionMask = 2147483647;
			files = (
				D1D891F22C42684B00ED8092 /* FirebaseAnalyticsSwift in Frameworks */,
				D1D891F42C42684B00ED8092 /* FirebaseAnalyticsWithoutAdIdSupport in Frameworks */,
				D1D891F82C42684B00ED8092 /* FirebaseInAppMessagingSwift-Beta in Frameworks */,
				D1D891EE2C42684B00ED8092 /* FirebaseAnalytics in Frameworks */,
				D1D891F02C42684B00ED8092 /* FirebaseAnalyticsOnDeviceConversion in Frameworks */,
				05083B923D6EB143B0BA46E1 /* Pods_WithMorning_iOS.framework in Frameworks */,
				D1D891F62C42684B00ED8092 /* FirebaseInAppMessaging-Beta in Frameworks */,
			);
			runOnlyForDeploymentPostprocessing = 0;
		};
/* End PBXFrameworksBuildPhase section */

/* Begin PBXGroup section */
		6B41A7291433FF015E6DA533 /* Frameworks */ = {
			isa = PBXGroup;
			children = (
				5F7878B73D8AD66854885BC9 /* Pods_WithMorning_iOS.framework */,
			);
			name = Frameworks;
			sourceTree = "<group>";
		};
		782D7FE03FFB2523461F2772 /* Pods */ = {
			isa = PBXGroup;
			children = (
				6DCBFF9B66FC891ADD99B059 /* Pods-WithMorning_iOS.debug.xcconfig */,
				C11DEB06ED24EC837FF59366 /* Pods-WithMorning_iOS.release.xcconfig */,
			);
			path = Pods;
			sourceTree = "<group>";
		};
		D10F846D2BC7E72000F3A172 /* Extension */ = {
			isa = PBXGroup;
			children = (
				D10F846E2BC7E7CF00F3A172 /* UIColor_Extension.swift */,
				D1773F882BC988AB005C82FA /* UIFont_Extension.swift */,
				D15AE7392BC995B800024CE3 /* UIView_Extension.swift */,
			);
			name = Extension;
			sourceTree = "<group>";
		};
		D129AAEF2C2D4BCC00F995D2 /* MainPage */ = {
			isa = PBXGroup;
			children = (
				D1E672BE2BC4FD3300A32790 /* MainViewController.swift */,
				D15D60C62BCA8BC3009C0874 /* AlarmTableViewCell.swift */,
				D129AAF02C2D4C0800F995D2 /* CellMenuViewController.swift */,
				D12FF2522C2FCB2F00B22DB4 /* CodeBtnViewController.swift */,
				D135377C2C3285AD004B49BB /* AlterViewController.swift */,
			);
			path = MainPage;
			sourceTree = "<group>";
		};
		D14A2D6A2BC8EB6D0087E0CB /* DesignSystem */ = {
			isa = PBXGroup;
			children = (
				D14A2D6B2BC8EB810087E0CB /* DesignSystem.swift */,
			);
			path = DesignSystem;
			sourceTree = "<group>";
		};
		D14A9DB42C2AD2BA00019B8B /* Onboarding */ = {
			isa = PBXGroup;
			children = (
			);
			path = Onboarding;
			sourceTree = "<group>";
		};
		D14A9DB52C2AD3B000019B8B /* MyPage */ = {
			isa = PBXGroup;
			children = (
				D146706A2BEA8FF9007B7132 /* MyPageViewController.swift */,
			);
			path = MyPage;
			sourceTree = "<group>";
		};
		D15AE72C2BC98F8900024CE3 /* Fonts */ = {
			isa = PBXGroup;
			children = (
				D1DECB1C2BE54B37009AC667 /* Pretendard-Black.otf */,
				D1DECB1D2BE54B37009AC667 /* Pretendard-ExtraBold.otf */,
				D1DECB1F2BE54B37009AC667 /* Pretendard-ExtraLight.otf */,
				D1DECB202BE54B37009AC667 /* Pretendard-Light.otf */,
				D1DECB1B2BE54B37009AC667 /* Pretendard-Regular.otf */,
				D1DECB1E2BE54B37009AC667 /* Pretendard-Thin.otf */,
				D15AE7372BC990E900024CE3 /* Pretendard-SemiBold.otf */,
				D15AE7332BC990DA00024CE3 /* Pretendard-Bold.otf */,
				D15AE7352BC990E200024CE3 /* Pretendard-Medium.otf */,
			);
			path = Fonts;
			sourceTree = "<group>";
		};
		D1652D782BC653A700F80F6F /* Scene */ = {
			isa = PBXGroup;
			children = (
				D1E1DF802C3ACFE7001A132F /* AlarmPage */,
				D129AAEF2C2D4BCC00F995D2 /* MainPage */,
				D14A9DB52C2AD3B000019B8B /* MyPage */,
			);
			path = Scene;
			sourceTree = "<group>";
		};
		D1652D792BC653AF00F80F6F /* API */ = {
			isa = PBXGroup;
			children = (
				D16F5FD02BC65671006640F9 /* Network.swift */,
				D16F5FD22BC65679006640F9 /* Constants.swift */,
				D16F5FD42BC65680006640F9 /* Router.swift */,
			);
			path = API;
			sourceTree = "<group>";
		};
		D16F5FCF2BC6562A006640F9 /* Resource */ = {
			isa = PBXGroup;
			children = (
				D15AE72C2BC98F8900024CE3 /* Fonts */,
				D1E672C32BC4FD3500A32790 /* Assets.xcassets */,
				D1E672BA2BC4FD3300A32790 /* AppDelegate.swift */,
				D1E672BC2BC4FD3300A32790 /* SceneDelegate.swift */,
			);
			name = Resource;
			sourceTree = "<group>";
		};
		D1E1DF802C3ACFE7001A132F /* AlarmPage */ = {
			isa = PBXGroup;
			children = (
				D19A9CB12C26901100748CE8 /* MakeAlarmViewController.swift */,
				D1E1DF812C3AD04F001A132F /* WeekChoiceViewController.swift */,
			);
			path = AlarmPage;
			sourceTree = "<group>";
		};
		D1E672AE2BC4FD3300A32790 = {
			isa = PBXGroup;
			children = (
				D1E672B92BC4FD3300A32790 /* WithMorning_iOS */,
				D1E672B82BC4FD3300A32790 /* Products */,
				782D7FE03FFB2523461F2772 /* Pods */,
				6B41A7291433FF015E6DA533 /* Frameworks */,
			);
			sourceTree = "<group>";
		};
		D1E672B82BC4FD3300A32790 /* Products */ = {
			isa = PBXGroup;
			children = (
				D1E672B72BC4FD3300A32790 /* WithMorning_iOS.app */,
			);
			name = Products;
			sourceTree = "<group>";
		};
		D1E672B92BC4FD3300A32790 /* WithMorning_iOS */ = {
			isa = PBXGroup;
			children = (
				D10F846D2BC7E72000F3A172 /* Extension */,
				D14A2D6A2BC8EB6D0087E0CB /* DesignSystem */,
				D16F5FCF2BC6562A006640F9 /* Resource */,
				D1652D792BC653AF00F80F6F /* API */,
				D1652D782BC653A700F80F6F /* Scene */,
				D14A9DB42C2AD2BA00019B8B /* Onboarding */,
				D1E672C82BC4FD3500A32790 /* Info.plist */,
				D1D891E92C4263C500ED8092 /* GoogleService-Info.plist */,
				D1E672C52BC4FD3500A32790 /* LaunchScreen.storyboard */,
			);
			path = WithMorning_iOS;
			sourceTree = "<group>";
		};
/* End PBXGroup section */

/* Begin PBXNativeTarget section */
		D1E672B62BC4FD3300A32790 /* WithMorning_iOS */ = {
			isa = PBXNativeTarget;
			buildConfigurationList = D1E672E12BC4FD3500A32790 /* Build configuration list for PBXNativeTarget "WithMorning_iOS" */;
			buildPhases = (
				E6B8D98CEB1C7D337918BAB7 /* [CP] Check Pods Manifest.lock */,
				D1E672B32BC4FD3300A32790 /* Sources */,
				D1E672B42BC4FD3300A32790 /* Frameworks */,
				D1E672B52BC4FD3300A32790 /* Resources */,
				D3211657367879E98B20566A /* [CP] Embed Pods Frameworks */,
			);
			buildRules = (
			);
			dependencies = (
			);
			name = WithMorning_iOS;
			packageProductDependencies = (
				D1D891ED2C42684B00ED8092 /* FirebaseAnalytics */,
				D1D891EF2C42684B00ED8092 /* FirebaseAnalyticsOnDeviceConversion */,
				D1D891F12C42684B00ED8092 /* FirebaseAnalyticsSwift */,
				D1D891F32C42684B00ED8092 /* FirebaseAnalyticsWithoutAdIdSupport */,
				D1D891F52C42684B00ED8092 /* FirebaseInAppMessaging-Beta */,
				D1D891F72C42684B00ED8092 /* FirebaseInAppMessagingSwift-Beta */,
			);
			productName = WithMorning_iOS;
			productReference = D1E672B72BC4FD3300A32790 /* WithMorning_iOS.app */;
			productType = "com.apple.product-type.application";
		};
/* End PBXNativeTarget section */

/* Begin PBXProject section */
		D1E672AF2BC4FD3300A32790 /* Project object */ = {
			isa = PBXProject;
			attributes = {
				BuildIndependentTargetsInParallel = 1;
				LastSwiftUpdateCheck = 1530;
				LastUpgradeCheck = 1530;
				TargetAttributes = {
					D1E672B62BC4FD3300A32790 = {
						CreatedOnToolsVersion = 15.3;
					};
				};
			};
			buildConfigurationList = D1E672B22BC4FD3300A32790 /* Build configuration list for PBXProject "WithMorning_iOS" */;
			compatibilityVersion = "Xcode 14.0";
			developmentRegion = en;
			hasScannedForEncodings = 0;
			knownRegions = (
				en,
				Base,
			);
			mainGroup = D1E672AE2BC4FD3300A32790;
			packageReferences = (
				D1D891EB2C4265F100ED8092 /* XCRemoteSwiftPackageReference "firebase-ios-sdk" */,
			);
			productRefGroup = D1E672B82BC4FD3300A32790 /* Products */;
			projectDirPath = "";
			projectRoot = "";
			targets = (
				D1E672B62BC4FD3300A32790 /* WithMorning_iOS */,
			);
		};
/* End PBXProject section */

/* Begin PBXResourcesBuildPhase section */
		D1E672B52BC4FD3300A32790 /* Resources */ = {
			isa = PBXResourcesBuildPhase;
			buildActionMask = 2147483647;
			files = (
				D1E672C42BC4FD3500A32790 /* Assets.xcassets in Resources */,
				D1DECB212BE54B37009AC667 /* Pretendard-Regular.otf in Resources */,
				D1DECB252BE54B37009AC667 /* Pretendard-ExtraLight.otf in Resources */,
				D1DECB232BE54B37009AC667 /* Pretendard-ExtraBold.otf in Resources */,
				D1DECB242BE54B37009AC667 /* Pretendard-Thin.otf in Resources */,
				D1D891EA2C4263C500ED8092 /* GoogleService-Info.plist in Resources */,
				D1DECB262BE54B37009AC667 /* Pretendard-Light.otf in Resources */,
				D15AE7342BC990DA00024CE3 /* Pretendard-Bold.otf in Resources */,
				D15AE7382BC990E900024CE3 /* Pretendard-SemiBold.otf in Resources */,
				D1E672C72BC4FD3500A32790 /* Base in Resources */,
				D1DECB222BE54B37009AC667 /* Pretendard-Black.otf in Resources */,
				D15AE7362BC990E200024CE3 /* Pretendard-Medium.otf in Resources */,
			);
			runOnlyForDeploymentPostprocessing = 0;
		};
/* End PBXResourcesBuildPhase section */

/* Begin PBXShellScriptBuildPhase section */
		D3211657367879E98B20566A /* [CP] Embed Pods Frameworks */ = {
			isa = PBXShellScriptBuildPhase;
			buildActionMask = 2147483647;
			files = (
			);
			inputFileListPaths = (
				"${PODS_ROOT}/Target Support Files/Pods-WithMorning_iOS/Pods-WithMorning_iOS-frameworks-${CONFIGURATION}-input-files.xcfilelist",
			);
			name = "[CP] Embed Pods Frameworks";
			outputFileListPaths = (
				"${PODS_ROOT}/Target Support Files/Pods-WithMorning_iOS/Pods-WithMorning_iOS-frameworks-${CONFIGURATION}-output-files.xcfilelist",
			);
			runOnlyForDeploymentPostprocessing = 0;
			shellPath = /bin/sh;
			shellScript = "\"${PODS_ROOT}/Target Support Files/Pods-WithMorning_iOS/Pods-WithMorning_iOS-frameworks.sh\"\n";
			showEnvVarsInLog = 0;
		};
		E6B8D98CEB1C7D337918BAB7 /* [CP] Check Pods Manifest.lock */ = {
			isa = PBXShellScriptBuildPhase;
			buildActionMask = 2147483647;
			files = (
			);
			inputFileListPaths = (
			);
			inputPaths = (
				"${PODS_PODFILE_DIR_PATH}/Podfile.lock",
				"${PODS_ROOT}/Manifest.lock",
			);
			name = "[CP] Check Pods Manifest.lock";
			outputFileListPaths = (
			);
			outputPaths = (
				"$(DERIVED_FILE_DIR)/Pods-WithMorning_iOS-checkManifestLockResult.txt",
			);
			runOnlyForDeploymentPostprocessing = 0;
			shellPath = /bin/sh;
			shellScript = "diff \"${PODS_PODFILE_DIR_PATH}/Podfile.lock\" \"${PODS_ROOT}/Manifest.lock\" > /dev/null\nif [ $? != 0 ] ; then\n    # print error to STDERR\n    echo \"error: The sandbox is not in sync with the Podfile.lock. Run 'pod install' or update your CocoaPods installation.\" >&2\n    exit 1\nfi\n# This output is used by Xcode 'outputs' to avoid re-running this script phase.\necho \"SUCCESS\" > \"${SCRIPT_OUTPUT_FILE_0}\"\n";
			showEnvVarsInLog = 0;
		};
/* End PBXShellScriptBuildPhase section */

/* Begin PBXSourcesBuildPhase section */
		D1E672B32BC4FD3300A32790 /* Sources */ = {
			isa = PBXSourcesBuildPhase;
			buildActionMask = 2147483647;
			files = (
				D1773F892BC988AB005C82FA /* UIFont_Extension.swift in Sources */,
				D1E672BF2BC4FD3300A32790 /* MainViewController.swift in Sources */,
				D1E672BB2BC4FD3300A32790 /* AppDelegate.swift in Sources */,
				D12FF2532C2FCB2F00B22DB4 /* CodeBtnViewController.swift in Sources */,
				D16F5FD12BC65671006640F9 /* Network.swift in Sources */,
				D16F5FD32BC65679006640F9 /* Constants.swift in Sources */,
				D14A2D6C2BC8EB810087E0CB /* DesignSystem.swift in Sources */,
				D16F5FD52BC65680006640F9 /* Router.swift in Sources */,
				D15D60C72BCA8BC3009C0874 /* AlarmTableViewCell.swift in Sources */,
				D129AAF12C2D4C0800F995D2 /* CellMenuViewController.swift in Sources */,
				D19A9CB22C26901100748CE8 /* MakeAlarmViewController.swift in Sources */,
				D135377D2C3285AD004B49BB /* AlterViewController.swift in Sources */,
				D10F846F2BC7E7CF00F3A172 /* UIColor_Extension.swift in Sources */,
				D1E1DF822C3AD04F001A132F /* WeekChoiceViewController.swift in Sources */,
				D146706B2BEA8FF9007B7132 /* MyPageViewController.swift in Sources */,
				D15AE73A2BC995B800024CE3 /* UIView_Extension.swift in Sources */,
				D1E672BD2BC4FD3300A32790 /* SceneDelegate.swift in Sources */,
			);
			runOnlyForDeploymentPostprocessing = 0;
		};
/* End PBXSourcesBuildPhase section */

/* Begin PBXVariantGroup section */
		D1E672C52BC4FD3500A32790 /* LaunchScreen.storyboard */ = {
			isa = PBXVariantGroup;
			children = (
				D1E672C62BC4FD3500A32790 /* Base */,
			);
			name = LaunchScreen.storyboard;
			sourceTree = "<group>";
		};
/* End PBXVariantGroup section */

/* Begin XCBuildConfiguration section */
		D1E672DF2BC4FD3500A32790 /* Debug */ = {
			isa = XCBuildConfiguration;
			buildSettings = {
				ALWAYS_SEARCH_USER_PATHS = NO;
				ASSETCATALOG_COMPILER_GENERATE_SWIFT_ASSET_SYMBOL_EXTENSIONS = YES;
				CLANG_ANALYZER_NONNULL = YES;
				CLANG_ANALYZER_NUMBER_OBJECT_CONVERSION = YES_AGGRESSIVE;
				CLANG_CXX_LANGUAGE_STANDARD = "gnu++20";
				CLANG_ENABLE_MODULES = YES;
				CLANG_ENABLE_OBJC_ARC = YES;
				CLANG_ENABLE_OBJC_WEAK = YES;
				CLANG_WARN_BLOCK_CAPTURE_AUTORELEASING = YES;
				CLANG_WARN_BOOL_CONVERSION = YES;
				CLANG_WARN_COMMA = YES;
				CLANG_WARN_CONSTANT_CONVERSION = YES;
				CLANG_WARN_DEPRECATED_OBJC_IMPLEMENTATIONS = YES;
				CLANG_WARN_DIRECT_OBJC_ISA_USAGE = YES_ERROR;
				CLANG_WARN_DOCUMENTATION_COMMENTS = YES;
				CLANG_WARN_EMPTY_BODY = YES;
				CLANG_WARN_ENUM_CONVERSION = YES;
				CLANG_WARN_INFINITE_RECURSION = YES;
				CLANG_WARN_INT_CONVERSION = YES;
				CLANG_WARN_NON_LITERAL_NULL_CONVERSION = YES;
				CLANG_WARN_OBJC_IMPLICIT_RETAIN_SELF = YES;
				CLANG_WARN_OBJC_LITERAL_CONVERSION = YES;
				CLANG_WARN_OBJC_ROOT_CLASS = YES_ERROR;
				CLANG_WARN_QUOTED_INCLUDE_IN_FRAMEWORK_HEADER = YES;
				CLANG_WARN_RANGE_LOOP_ANALYSIS = YES;
				CLANG_WARN_STRICT_PROTOTYPES = YES;
				CLANG_WARN_SUSPICIOUS_MOVE = YES;
				CLANG_WARN_UNGUARDED_AVAILABILITY = YES_AGGRESSIVE;
				CLANG_WARN_UNREACHABLE_CODE = YES;
				CLANG_WARN__DUPLICATE_METHOD_MATCH = YES;
				COPY_PHASE_STRIP = NO;
				DEBUG_INFORMATION_FORMAT = dwarf;
				ENABLE_STRICT_OBJC_MSGSEND = YES;
				ENABLE_TESTABILITY = YES;
				ENABLE_USER_SCRIPT_SANDBOXING = YES;
				GCC_C_LANGUAGE_STANDARD = gnu17;
				GCC_DYNAMIC_NO_PIC = NO;
				GCC_NO_COMMON_BLOCKS = YES;
				GCC_OPTIMIZATION_LEVEL = 0;
				GCC_PREPROCESSOR_DEFINITIONS = (
					"DEBUG=1",
					"$(inherited)",
				);
				GCC_WARN_64_TO_32_BIT_CONVERSION = YES;
				GCC_WARN_ABOUT_RETURN_TYPE = YES_ERROR;
				GCC_WARN_UNDECLARED_SELECTOR = YES;
				GCC_WARN_UNINITIALIZED_AUTOS = YES_AGGRESSIVE;
				GCC_WARN_UNUSED_FUNCTION = YES;
				GCC_WARN_UNUSED_VARIABLE = YES;
				IPHONEOS_DEPLOYMENT_TARGET = 17.4;
				LOCALIZATION_PREFERS_STRING_CATALOGS = YES;
				MTL_ENABLE_DEBUG_INFO = INCLUDE_SOURCE;
				MTL_FAST_MATH = YES;
				ONLY_ACTIVE_ARCH = YES;
				SDKROOT = iphoneos;
				SWIFT_ACTIVE_COMPILATION_CONDITIONS = "DEBUG $(inherited)";
				SWIFT_OPTIMIZATION_LEVEL = "-Onone";
			};
			name = Debug;
		};
		D1E672E02BC4FD3500A32790 /* Release */ = {
			isa = XCBuildConfiguration;
			buildSettings = {
				ALWAYS_SEARCH_USER_PATHS = NO;
				ASSETCATALOG_COMPILER_GENERATE_SWIFT_ASSET_SYMBOL_EXTENSIONS = YES;
				CLANG_ANALYZER_NONNULL = YES;
				CLANG_ANALYZER_NUMBER_OBJECT_CONVERSION = YES_AGGRESSIVE;
				CLANG_CXX_LANGUAGE_STANDARD = "gnu++20";
				CLANG_ENABLE_MODULES = YES;
				CLANG_ENABLE_OBJC_ARC = YES;
				CLANG_ENABLE_OBJC_WEAK = YES;
				CLANG_WARN_BLOCK_CAPTURE_AUTORELEASING = YES;
				CLANG_WARN_BOOL_CONVERSION = YES;
				CLANG_WARN_COMMA = YES;
				CLANG_WARN_CONSTANT_CONVERSION = YES;
				CLANG_WARN_DEPRECATED_OBJC_IMPLEMENTATIONS = YES;
				CLANG_WARN_DIRECT_OBJC_ISA_USAGE = YES_ERROR;
				CLANG_WARN_DOCUMENTATION_COMMENTS = YES;
				CLANG_WARN_EMPTY_BODY = YES;
				CLANG_WARN_ENUM_CONVERSION = YES;
				CLANG_WARN_INFINITE_RECURSION = YES;
				CLANG_WARN_INT_CONVERSION = YES;
				CLANG_WARN_NON_LITERAL_NULL_CONVERSION = YES;
				CLANG_WARN_OBJC_IMPLICIT_RETAIN_SELF = YES;
				CLANG_WARN_OBJC_LITERAL_CONVERSION = YES;
				CLANG_WARN_OBJC_ROOT_CLASS = YES_ERROR;
				CLANG_WARN_QUOTED_INCLUDE_IN_FRAMEWORK_HEADER = YES;
				CLANG_WARN_RANGE_LOOP_ANALYSIS = YES;
				CLANG_WARN_STRICT_PROTOTYPES = YES;
				CLANG_WARN_SUSPICIOUS_MOVE = YES;
				CLANG_WARN_UNGUARDED_AVAILABILITY = YES_AGGRESSIVE;
				CLANG_WARN_UNREACHABLE_CODE = YES;
				CLANG_WARN__DUPLICATE_METHOD_MATCH = YES;
				COPY_PHASE_STRIP = NO;
				DEBUG_INFORMATION_FORMAT = "dwarf-with-dsym";
				ENABLE_NS_ASSERTIONS = NO;
				ENABLE_STRICT_OBJC_MSGSEND = YES;
				ENABLE_USER_SCRIPT_SANDBOXING = YES;
				GCC_C_LANGUAGE_STANDARD = gnu17;
				GCC_NO_COMMON_BLOCKS = YES;
				GCC_WARN_64_TO_32_BIT_CONVERSION = YES;
				GCC_WARN_ABOUT_RETURN_TYPE = YES_ERROR;
				GCC_WARN_UNDECLARED_SELECTOR = YES;
				GCC_WARN_UNINITIALIZED_AUTOS = YES_AGGRESSIVE;
				GCC_WARN_UNUSED_FUNCTION = YES;
				GCC_WARN_UNUSED_VARIABLE = YES;
				IPHONEOS_DEPLOYMENT_TARGET = 17.4;
				LOCALIZATION_PREFERS_STRING_CATALOGS = YES;
				MTL_ENABLE_DEBUG_INFO = NO;
				MTL_FAST_MATH = YES;
				SDKROOT = iphoneos;
				SWIFT_COMPILATION_MODE = wholemodule;
				VALIDATE_PRODUCT = YES;
			};
			name = Release;
		};
		D1E672E22BC4FD3500A32790 /* Debug */ = {
			isa = XCBuildConfiguration;
			baseConfigurationReference = 6DCBFF9B66FC891ADD99B059 /* Pods-WithMorning_iOS.debug.xcconfig */;
			buildSettings = {
				ASSETCATALOG_COMPILER_APPICON_NAME = AppIcon;
				ASSETCATALOG_COMPILER_GLOBAL_ACCENT_COLOR_NAME = AccentColor;
				CODE_SIGN_STYLE = Automatic;
				CURRENT_PROJECT_VERSION = 1;
				DEVELOPMENT_TEAM = 5664C7G97A;
				ENABLE_USER_SCRIPT_SANDBOXING = NO;
				GENERATE_INFOPLIST_FILE = YES;
				INFOPLIST_FILE = WithMorning_iOS/Info.plist;
				INFOPLIST_KEY_UIApplicationSupportsIndirectInputEvents = YES;
				INFOPLIST_KEY_UILaunchStoryboardName = LaunchScreen;
				INFOPLIST_KEY_UISupportedInterfaceOrientations_iPad = "UIInterfaceOrientationPortrait UIInterfaceOrientationPortraitUpsideDown UIInterfaceOrientationLandscapeLeft UIInterfaceOrientationLandscapeRight";
				INFOPLIST_KEY_UISupportedInterfaceOrientations_iPhone = "UIInterfaceOrientationPortrait UIInterfaceOrientationLandscapeLeft UIInterfaceOrientationLandscapeRight";
				IPHONEOS_DEPLOYMENT_TARGET = 17.4;
				LD_RUNPATH_SEARCH_PATHS = (
					"$(inherited)",
					"@executable_path/Frameworks",
				);
				MARKETING_VERSION = 1.0;
				PRODUCT_BUNDLE_IDENTIFIER = "ash-amad.WithMorning-iOS";
				PRODUCT_NAME = "$(TARGET_NAME)";
				SWIFT_EMIT_LOC_STRINGS = YES;
				SWIFT_VERSION = 5.0;
				TARGETED_DEVICE_FAMILY = "1,2";
			};
			name = Debug;
		};
		D1E672E32BC4FD3500A32790 /* Release */ = {
			isa = XCBuildConfiguration;
			baseConfigurationReference = C11DEB06ED24EC837FF59366 /* Pods-WithMorning_iOS.release.xcconfig */;
			buildSettings = {
				ASSETCATALOG_COMPILER_APPICON_NAME = AppIcon;
				ASSETCATALOG_COMPILER_GLOBAL_ACCENT_COLOR_NAME = AccentColor;
				CODE_SIGN_STYLE = Automatic;
				CURRENT_PROJECT_VERSION = 1;
				DEVELOPMENT_TEAM = 5664C7G97A;
				ENABLE_USER_SCRIPT_SANDBOXING = NO;
				GENERATE_INFOPLIST_FILE = YES;
				INFOPLIST_FILE = WithMorning_iOS/Info.plist;
				INFOPLIST_KEY_UIApplicationSupportsIndirectInputEvents = YES;
				INFOPLIST_KEY_UILaunchStoryboardName = LaunchScreen;
				INFOPLIST_KEY_UISupportedInterfaceOrientations_iPad = "UIInterfaceOrientationPortrait UIInterfaceOrientationPortraitUpsideDown UIInterfaceOrientationLandscapeLeft UIInterfaceOrientationLandscapeRight";
				INFOPLIST_KEY_UISupportedInterfaceOrientations_iPhone = "UIInterfaceOrientationPortrait UIInterfaceOrientationLandscapeLeft UIInterfaceOrientationLandscapeRight";
				IPHONEOS_DEPLOYMENT_TARGET = 17.4;
				LD_RUNPATH_SEARCH_PATHS = (
					"$(inherited)",
					"@executable_path/Frameworks",
				);
				MARKETING_VERSION = 1.0;
				PRODUCT_BUNDLE_IDENTIFIER = "ash-amad.WithMorning-iOS";
				PRODUCT_NAME = "$(TARGET_NAME)";
				SWIFT_EMIT_LOC_STRINGS = YES;
				SWIFT_VERSION = 5.0;
				TARGETED_DEVICE_FAMILY = "1,2";
			};
			name = Release;
		};
/* End XCBuildConfiguration section */

/* Begin XCConfigurationList section */
		D1E672B22BC4FD3300A32790 /* Build configuration list for PBXProject "WithMorning_iOS" */ = {
			isa = XCConfigurationList;
			buildConfigurations = (
				D1E672DF2BC4FD3500A32790 /* Debug */,
				D1E672E02BC4FD3500A32790 /* Release */,
			);
			defaultConfigurationIsVisible = 0;
			defaultConfigurationName = Release;
		};
		D1E672E12BC4FD3500A32790 /* Build configuration list for PBXNativeTarget "WithMorning_iOS" */ = {
			isa = XCConfigurationList;
			buildConfigurations = (
				D1E672E22BC4FD3500A32790 /* Debug */,
				D1E672E32BC4FD3500A32790 /* Release */,
			);
			defaultConfigurationIsVisible = 0;
			defaultConfigurationName = Release;
		};
/* End XCConfigurationList section */

/* Begin XCRemoteSwiftPackageReference section */
		D1D891EB2C4265F100ED8092 /* XCRemoteSwiftPackageReference "firebase-ios-sdk" */ = {
			isa = XCRemoteSwiftPackageReference;
			repositoryURL = "https://github.com/firebase/firebase-ios-sdk";
			requirement = {
				kind = upToNextMajorVersion;
				minimumVersion = 10.29.0;
			};
		};
/* End XCRemoteSwiftPackageReference section */

/* Begin XCSwiftPackageProductDependency section */
		D1D891ED2C42684B00ED8092 /* FirebaseAnalytics */ = {
			isa = XCSwiftPackageProductDependency;
			package = D1D891EB2C4265F100ED8092 /* XCRemoteSwiftPackageReference "firebase-ios-sdk" */;
			productName = FirebaseAnalytics;
		};
		D1D891EF2C42684B00ED8092 /* FirebaseAnalyticsOnDeviceConversion */ = {
			isa = XCSwiftPackageProductDependency;
			package = D1D891EB2C4265F100ED8092 /* XCRemoteSwiftPackageReference "firebase-ios-sdk" */;
			productName = FirebaseAnalyticsOnDeviceConversion;
		};
		D1D891F12C42684B00ED8092 /* FirebaseAnalyticsSwift */ = {
			isa = XCSwiftPackageProductDependency;
			package = D1D891EB2C4265F100ED8092 /* XCRemoteSwiftPackageReference "firebase-ios-sdk" */;
			productName = FirebaseAnalyticsSwift;
		};
		D1D891F32C42684B00ED8092 /* FirebaseAnalyticsWithoutAdIdSupport */ = {
			isa = XCSwiftPackageProductDependency;
			package = D1D891EB2C4265F100ED8092 /* XCRemoteSwiftPackageReference "firebase-ios-sdk" */;
			productName = FirebaseAnalyticsWithoutAdIdSupport;
		};
		D1D891F52C42684B00ED8092 /* FirebaseInAppMessaging-Beta */ = {
			isa = XCSwiftPackageProductDependency;
			package = D1D891EB2C4265F100ED8092 /* XCRemoteSwiftPackageReference "firebase-ios-sdk" */;
			productName = "FirebaseInAppMessaging-Beta";
		};
		D1D891F72C42684B00ED8092 /* FirebaseInAppMessagingSwift-Beta */ = {
			isa = XCSwiftPackageProductDependency;
			package = D1D891EB2C4265F100ED8092 /* XCRemoteSwiftPackageReference "firebase-ios-sdk" */;
			productName = "FirebaseInAppMessagingSwift-Beta";
		};
/* End XCSwiftPackageProductDependency section */
	};
	rootObject = D1E672AF2BC4FD3300A32790 /* Project object */;
}
