// !$*UTF8*$!
{
	archiveVersion = 1;
	classes = {
	};
	objectVersion = 56;
	objects = {

/* Begin PBXBuildFile section */
		D1E672BB2BC4FD3300A32790 /* AppDelegate.swift in Sources */ = {isa = PBXBuildFile; fileRef = D1E672BA2BC4FD3300A32790 /* AppDelegate.swift */; };
		D1E672BD2BC4FD3300A32790 /* SceneDelegate.swift in Sources */ = {isa = PBXBuildFile; fileRef = D1E672BC2BC4FD3300A32790 /* SceneDelegate.swift */; };
		D1E672BF2BC4FD3300A32790 /* ViewController.swift in Sources */ = {isa = PBXBuildFile; fileRef = D1E672BE2BC4FD3300A32790 /* ViewController.swift */; };
		D1E672C42BC4FD3500A32790 /* Assets.xcassets in Resources */ = {isa = PBXBuildFile; fileRef = D1E672C32BC4FD3500A32790 /* Assets.xcassets */; };
		D1E672C72BC4FD3500A32790 /* Base in Resources */ = {isa = PBXBuildFile; fileRef = D1E672C62BC4FD3500A32790 /* Base */; };
		D1E672D22BC4FD3500A32790 /* WithMorning_iOSTests.swift in Sources */ = {isa = PBXBuildFile; fileRef = D1E672D12BC4FD3500A32790 /* WithMorning_iOSTests.swift */; };
		D1E672DC2BC4FD3500A32790 /* WithMorning_iOSUITests.swift in Sources */ = {isa = PBXBuildFile; fileRef = D1E672DB2BC4FD3500A32790 /* WithMorning_iOSUITests.swift */; };
		D1E672DE2BC4FD3500A32790 /* WithMorning_iOSUITestsLaunchTests.swift in Sources */ = {isa = PBXBuildFile; fileRef = D1E672DD2BC4FD3500A32790 /* WithMorning_iOSUITestsLaunchTests.swift */; };
/* End PBXBuildFile section */

/* Begin PBXContainerItemProxy section */
		D1E672CE2BC4FD3500A32790 /* PBXContainerItemProxy */ = {
			isa = PBXContainerItemProxy;
			containerPortal = D1E672AF2BC4FD3300A32790 /* Project object */;
			proxyType = 1;
			remoteGlobalIDString = D1E672B62BC4FD3300A32790;
			remoteInfo = WithMorning_iOS;
		};
		D1E672D82BC4FD3500A32790 /* PBXContainerItemProxy */ = {
			isa = PBXContainerItemProxy;
			containerPortal = D1E672AF2BC4FD3300A32790 /* Project object */;
			proxyType = 1;
			remoteGlobalIDString = D1E672B62BC4FD3300A32790;
			remoteInfo = WithMorning_iOS;
		};
/* End PBXContainerItemProxy section */

/* Begin PBXFileReference section */
		D1E672B72BC4FD3300A32790 /* WithMorning_iOS.app */ = {isa = PBXFileReference; explicitFileType = wrapper.application; includeInIndex = 0; path = WithMorning_iOS.app; sourceTree = BUILT_PRODUCTS_DIR; };
		D1E672BA2BC4FD3300A32790 /* AppDelegate.swift */ = {isa = PBXFileReference; lastKnownFileType = sourcecode.swift; path = AppDelegate.swift; sourceTree = "<group>"; };
		D1E672BC2BC4FD3300A32790 /* SceneDelegate.swift */ = {isa = PBXFileReference; lastKnownFileType = sourcecode.swift; path = SceneDelegate.swift; sourceTree = "<group>"; };
		D1E672BE2BC4FD3300A32790 /* ViewController.swift */ = {isa = PBXFileReference; lastKnownFileType = sourcecode.swift; path = ViewController.swift; sourceTree = "<group>"; };
		D1E672C32BC4FD3500A32790 /* Assets.xcassets */ = {isa = PBXFileReference; lastKnownFileType = folder.assetcatalog; path = Assets.xcassets; sourceTree = "<group>"; };
		D1E672C62BC4FD3500A32790 /* Base */ = {isa = PBXFileReference; lastKnownFileType = file.storyboard; name = Base; path = Base.lproj/LaunchScreen.storyboard; sourceTree = "<group>"; };
		D1E672C82BC4FD3500A32790 /* Info.plist */ = {isa = PBXFileReference; lastKnownFileType = text.plist.xml; path = Info.plist; sourceTree = "<group>"; };
		D1E672CD2BC4FD3500A32790 /* WithMorning_iOSTests.xctest */ = {isa = PBXFileReference; explicitFileType = wrapper.cfbundle; includeInIndex = 0; path = WithMorning_iOSTests.xctest; sourceTree = BUILT_PRODUCTS_DIR; };
		D1E672D12BC4FD3500A32790 /* WithMorning_iOSTests.swift */ = {isa = PBXFileReference; lastKnownFileType = sourcecode.swift; path = WithMorning_iOSTests.swift; sourceTree = "<group>"; };
		D1E672D72BC4FD3500A32790 /* WithMorning_iOSUITests.xctest */ = {isa = PBXFileReference; explicitFileType = wrapper.cfbundle; includeInIndex = 0; path = WithMorning_iOSUITests.xctest; sourceTree = BUILT_PRODUCTS_DIR; };
		D1E672DB2BC4FD3500A32790 /* WithMorning_iOSUITests.swift */ = {isa = PBXFileReference; lastKnownFileType = sourcecode.swift; path = WithMorning_iOSUITests.swift; sourceTree = "<group>"; };
		D1E672DD2BC4FD3500A32790 /* WithMorning_iOSUITestsLaunchTests.swift */ = {isa = PBXFileReference; lastKnownFileType = sourcecode.swift; path = WithMorning_iOSUITestsLaunchTests.swift; sourceTree = "<group>"; };
/* End PBXFileReference section */

/* Begin PBXFrameworksBuildPhase section */
		D1E672B42BC4FD3300A32790 /* Frameworks */ = {
			isa = PBXFrameworksBuildPhase;
			buildActionMask = 2147483647;
			files = (
			);
			runOnlyForDeploymentPostprocessing = 0;
		};
		D1E672CA2BC4FD3500A32790 /* Frameworks */ = {
			isa = PBXFrameworksBuildPhase;
			buildActionMask = 2147483647;
			files = (
			);
			runOnlyForDeploymentPostprocessing = 0;
		};
		D1E672D42BC4FD3500A32790 /* Frameworks */ = {
			isa = PBXFrameworksBuildPhase;
			buildActionMask = 2147483647;
			files = (
			);
			runOnlyForDeploymentPostprocessing = 0;
		};
/* End PBXFrameworksBuildPhase section */

/* Begin PBXGroup section */
		D1E672AE2BC4FD3300A32790 = {
			isa = PBXGroup;
			children = (
				D1E672B92BC4FD3300A32790 /* WithMorning_iOS */,
				D1E672D02BC4FD3500A32790 /* WithMorning_iOSTests */,
				D1E672DA2BC4FD3500A32790 /* WithMorning_iOSUITests */,
				D1E672B82BC4FD3300A32790 /* Products */,
			);
			sourceTree = "<group>";
		};
		D1E672B82BC4FD3300A32790 /* Products */ = {
			isa = PBXGroup;
			children = (
				D1E672B72BC4FD3300A32790 /* WithMorning_iOS.app */,
				D1E672CD2BC4FD3500A32790 /* WithMorning_iOSTests.xctest */,
				D1E672D72BC4FD3500A32790 /* WithMorning_iOSUITests.xctest */,
			);
			name = Products;
			sourceTree = "<group>";
		};
		D1E672B92BC4FD3300A32790 /* WithMorning_iOS */ = {
			isa = PBXGroup;
			children = (
				D1E672BA2BC4FD3300A32790 /* AppDelegate.swift */,
				D1E672BC2BC4FD3300A32790 /* SceneDelegate.swift */,
				D1E672BE2BC4FD3300A32790 /* ViewController.swift */,
				D1E672C32BC4FD3500A32790 /* Assets.xcassets */,
				D1E672C52BC4FD3500A32790 /* LaunchScreen.storyboard */,
				D1E672C82BC4FD3500A32790 /* Info.plist */,
			);
			path = WithMorning_iOS;
			sourceTree = "<group>";
		};
		D1E672D02BC4FD3500A32790 /* WithMorning_iOSTests */ = {
			isa = PBXGroup;
			children = (
				D1E672D12BC4FD3500A32790 /* WithMorning_iOSTests.swift */,
			);
			path = WithMorning_iOSTests;
			sourceTree = "<group>";
		};
		D1E672DA2BC4FD3500A32790 /* WithMorning_iOSUITests */ = {
			isa = PBXGroup;
			children = (
				D1E672DB2BC4FD3500A32790 /* WithMorning_iOSUITests.swift */,
				D1E672DD2BC4FD3500A32790 /* WithMorning_iOSUITestsLaunchTests.swift */,
			);
			path = WithMorning_iOSUITests;
			sourceTree = "<group>";
		};
/* End PBXGroup section */

/* Begin PBXNativeTarget section */
		D1E672B62BC4FD3300A32790 /* WithMorning_iOS */ = {
			isa = PBXNativeTarget;
			buildConfigurationList = D1E672E12BC4FD3500A32790 /* Build configuration list for PBXNativeTarget "WithMorning_iOS" */;
			buildPhases = (
				D1E672B32BC4FD3300A32790 /* Sources */,
				D1E672B42BC4FD3300A32790 /* Frameworks */,
				D1E672B52BC4FD3300A32790 /* Resources */,
			);
			buildRules = (
			);
			dependencies = (
			);
			name = WithMorning_iOS;
			productName = WithMorning_iOS;
			productReference = D1E672B72BC4FD3300A32790 /* WithMorning_iOS.app */;
			productType = "com.apple.product-type.application";
		};
		D1E672CC2BC4FD3500A32790 /* WithMorning_iOSTests */ = {
			isa = PBXNativeTarget;
			buildConfigurationList = D1E672E42BC4FD3500A32790 /* Build configuration list for PBXNativeTarget "WithMorning_iOSTests" */;
			buildPhases = (
				D1E672C92BC4FD3500A32790 /* Sources */,
				D1E672CA2BC4FD3500A32790 /* Frameworks */,
				D1E672CB2BC4FD3500A32790 /* Resources */,
			);
			buildRules = (
			);
			dependencies = (
				D1E672CF2BC4FD3500A32790 /* PBXTargetDependency */,
			);
			name = WithMorning_iOSTests;
			productName = WithMorning_iOSTests;
			productReference = D1E672CD2BC4FD3500A32790 /* WithMorning_iOSTests.xctest */;
			productType = "com.apple.product-type.bundle.unit-test";
		};
		D1E672D62BC4FD3500A32790 /* WithMorning_iOSUITests */ = {
			isa = PBXNativeTarget;
			buildConfigurationList = D1E672E72BC4FD3500A32790 /* Build configuration list for PBXNativeTarget "WithMorning_iOSUITests" */;
			buildPhases = (
				D1E672D32BC4FD3500A32790 /* Sources */,
				D1E672D42BC4FD3500A32790 /* Frameworks */,
				D1E672D52BC4FD3500A32790 /* Resources */,
			);
			buildRules = (
			);
			dependencies = (
				D1E672D92BC4FD3500A32790 /* PBXTargetDependency */,
			);
			name = WithMorning_iOSUITests;
			productName = WithMorning_iOSUITests;
			productReference = D1E672D72BC4FD3500A32790 /* WithMorning_iOSUITests.xctest */;
			productType = "com.apple.product-type.bundle.ui-testing";
		};
/* End PBXNativeTarget section */

/* Begin PBXProject section */
		D1E672AF2BC4FD3300A32790 /* Project object */ = {
			isa = PBXProject;
			attributes = {
				BuildIndependentTargetsInParallel = 1;
				LastSwiftUpdateCheck = 1530;
				LastUpgradeCheck = 1530;
				TargetAttributes = {
					D1E672B62BC4FD3300A32790 = {
						CreatedOnToolsVersion = 15.3;
					};
					D1E672CC2BC4FD3500A32790 = {
						CreatedOnToolsVersion = 15.3;
						TestTargetID = D1E672B62BC4FD3300A32790;
					};
					D1E672D62BC4FD3500A32790 = {
						CreatedOnToolsVersion = 15.3;
						TestTargetID = D1E672B62BC4FD3300A32790;
					};
				};
			};
			buildConfigurationList = D1E672B22BC4FD3300A32790 /* Build configuration list for PBXProject "WithMorning_iOS" */;
			compatibilityVersion = "Xcode 14.0";
			developmentRegion = en;
			hasScannedForEncodings = 0;
			knownRegions = (
				en,
				Base,
			);
			mainGroup = D1E672AE2BC4FD3300A32790;
			productRefGroup = D1E672B82BC4FD3300A32790 /* Products */;
			projectDirPath = "";
			projectRoot = "";
			targets = (
				D1E672B62BC4FD3300A32790 /* WithMorning_iOS */,
				D1E672CC2BC4FD3500A32790 /* WithMorning_iOSTests */,
				D1E672D62BC4FD3500A32790 /* WithMorning_iOSUITests */,
			);
		};
/* End PBXProject section */

/* Begin PBXResourcesBuildPhase section */
		D1E672B52BC4FD3300A32790 /* Resources */ = {
			isa = PBXResourcesBuildPhase;
			buildActionMask = 2147483647;
			files = (
				D1E672C42BC4FD3500A32790 /* Assets.xcassets in Resources */,
				D1E672C72BC4FD3500A32790 /* Base in Resources */,
			);
			runOnlyForDeploymentPostprocessing = 0;
		};
		D1E672CB2BC4FD3500A32790 /* Resources */ = {
			isa = PBXResourcesBuildPhase;
			buildActionMask = 2147483647;
			files = (
			);
			runOnlyForDeploymentPostprocessing = 0;
		};
		D1E672D52BC4FD3500A32790 /* Resources */ = {
			isa = PBXResourcesBuildPhase;
			buildActionMask = 2147483647;
			files = (
			);
			runOnlyForDeploymentPostprocessing = 0;
		};
/* End PBXResourcesBuildPhase section */

/* Begin PBXSourcesBuildPhase section */
		D1E672B32BC4FD3300A32790 /* Sources */ = {
			isa = PBXSourcesBuildPhase;
			buildActionMask = 2147483647;
			files = (
				D1E672BF2BC4FD3300A32790 /* ViewController.swift in Sources */,
				D1E672BB2BC4FD3300A32790 /* AppDelegate.swift in Sources */,
				D1E672BD2BC4FD3300A32790 /* SceneDelegate.swift in Sources */,
			);
			runOnlyForDeploymentPostprocessing = 0;
		};
		D1E672C92BC4FD3500A32790 /* Sources */ = {
			isa = PBXSourcesBuildPhase;
			buildActionMask = 2147483647;
			files = (
				D1E672D22BC4FD3500A32790 /* WithMorning_iOSTests.swift in Sources */,
			);
			runOnlyForDeploymentPostprocessing = 0;
		};
		D1E672D32BC4FD3500A32790 /* Sources */ = {
			isa = PBXSourcesBuildPhase;
			buildActionMask = 2147483647;
			files = (
				D1E672DC2BC4FD3500A32790 /* WithMorning_iOSUITests.swift in Sources */,
				D1E672DE2BC4FD3500A32790 /* WithMorning_iOSUITestsLaunchTests.swift in Sources */,
			);
			runOnlyForDeploymentPostprocessing = 0;
		};
/* End PBXSourcesBuildPhase section */

/* Begin PBXTargetDependency section */
		D1E672CF2BC4FD3500A32790 /* PBXTargetDependency */ = {
			isa = PBXTargetDependency;
			target = D1E672B62BC4FD3300A32790 /* WithMorning_iOS */;
			targetProxy = D1E672CE2BC4FD3500A32790 /* PBXContainerItemProxy */;
		};
		D1E672D92BC4FD3500A32790 /* PBXTargetDependency */ = {
			isa = PBXTargetDependency;
			target = D1E672B62BC4FD3300A32790 /* WithMorning_iOS */;
			targetProxy = D1E672D82BC4FD3500A32790 /* PBXContainerItemProxy */;
		};
/* End PBXTargetDependency section */

/* Begin PBXVariantGroup section */
		D1E672C52BC4FD3500A32790 /* LaunchScreen.storyboard */ = {
			isa = PBXVariantGroup;
			children = (
				D1E672C62BC4FD3500A32790 /* Base */,
			);
			name = LaunchScreen.storyboard;
			sourceTree = "<group>";
		};
/* End PBXVariantGroup section */

/* Begin XCBuildConfiguration section */
		D1E672DF2BC4FD3500A32790 /* Debug */ = {
			isa = XCBuildConfiguration;
			buildSettings = {
				ALWAYS_SEARCH_USER_PATHS = NO;
				ASSETCATALOG_COMPILER_GENERATE_SWIFT_ASSET_SYMBOL_EXTENSIONS = YES;
				CLANG_ANALYZER_NONNULL = YES;
				CLANG_ANALYZER_NUMBER_OBJECT_CONVERSION = YES_AGGRESSIVE;
				CLANG_CXX_LANGUAGE_STANDARD = "gnu++20";
				CLANG_ENABLE_MODULES = YES;
				CLANG_ENABLE_OBJC_ARC = YES;
				CLANG_ENABLE_OBJC_WEAK = YES;
				CLANG_WARN_BLOCK_CAPTURE_AUTORELEASING = YES;
				CLANG_WARN_BOOL_CONVERSION = YES;
				CLANG_WARN_COMMA = YES;
				CLANG_WARN_CONSTANT_CONVERSION = YES;
				CLANG_WARN_DEPRECATED_OBJC_IMPLEMENTATIONS = YES;
				CLANG_WARN_DIRECT_OBJC_ISA_USAGE = YES_ERROR;
				CLANG_WARN_DOCUMENTATION_COMMENTS = YES;
				CLANG_WARN_EMPTY_BODY = YES;
				CLANG_WARN_ENUM_CONVERSION = YES;
				CLANG_WARN_INFINITE_RECURSION = YES;
				CLANG_WARN_INT_CONVERSION = YES;
				CLANG_WARN_NON_LITERAL_NULL_CONVERSION = YES;
				CLANG_WARN_OBJC_IMPLICIT_RETAIN_SELF = YES;
				CLANG_WARN_OBJC_LITERAL_CONVERSION = YES;
				CLANG_WARN_OBJC_ROOT_CLASS = YES_ERROR;
				CLANG_WARN_QUOTED_INCLUDE_IN_FRAMEWORK_HEADER = YES;
				CLANG_WARN_RANGE_LOOP_ANALYSIS = YES;
				CLANG_WARN_STRICT_PROTOTYPES = YES;
				CLANG_WARN_SUSPICIOUS_MOVE = YES;
				CLANG_WARN_UNGUARDED_AVAILABILITY = YES_AGGRESSIVE;
				CLANG_WARN_UNREACHABLE_CODE = YES;
				CLANG_WARN__DUPLICATE_METHOD_MATCH = YES;
				COPY_PHASE_STRIP = NO;
				DEBUG_INFORMATION_FORMAT = dwarf;
				ENABLE_STRICT_OBJC_MSGSEND = YES;
				ENABLE_TESTABILITY = YES;
				ENABLE_USER_SCRIPT_SANDBOXING = YES;
				GCC_C_LANGUAGE_STANDARD = gnu17;
				GCC_DYNAMIC_NO_PIC = NO;
				GCC_NO_COMMON_BLOCKS = YES;
				GCC_OPTIMIZATION_LEVEL = 0;
				GCC_PREPROCESSOR_DEFINITIONS = (
					"DEBUG=1",
					"$(inherited)",
				);
				GCC_WARN_64_TO_32_BIT_CONVERSION = YES;
				GCC_WARN_ABOUT_RETURN_TYPE = YES_ERROR;
				GCC_WARN_UNDECLARED_SELECTOR = YES;
				GCC_WARN_UNINITIALIZED_AUTOS = YES_AGGRESSIVE;
				GCC_WARN_UNUSED_FUNCTION = YES;
				GCC_WARN_UNUSED_VARIABLE = YES;
				IPHONEOS_DEPLOYMENT_TARGET = 17.4;
				LOCALIZATION_PREFERS_STRING_CATALOGS = YES;
				MTL_ENABLE_DEBUG_INFO = INCLUDE_SOURCE;
				MTL_FAST_MATH = YES;
				ONLY_ACTIVE_ARCH = YES;
				SDKROOT = iphoneos;
				SWIFT_ACTIVE_COMPILATION_CONDITIONS = "DEBUG $(inherited)";
				SWIFT_OPTIMIZATION_LEVEL = "-Onone";
			};
			name = Debug;
		};
		D1E672E02BC4FD3500A32790 /* Release */ = {
			isa = XCBuildConfiguration;
			buildSettings = {
				ALWAYS_SEARCH_USER_PATHS = NO;
				ASSETCATALOG_COMPILER_GENERATE_SWIFT_ASSET_SYMBOL_EXTENSIONS = YES;
				CLANG_ANALYZER_NONNULL = YES;
				CLANG_ANALYZER_NUMBER_OBJECT_CONVERSION = YES_AGGRESSIVE;
				CLANG_CXX_LANGUAGE_STANDARD = "gnu++20";
				CLANG_ENABLE_MODULES = YES;
				CLANG_ENABLE_OBJC_ARC = YES;
				CLANG_ENABLE_OBJC_WEAK = YES;
				CLANG_WARN_BLOCK_CAPTURE_AUTORELEASING = YES;
				CLANG_WARN_BOOL_CONVERSION = YES;
				CLANG_WARN_COMMA = YES;
				CLANG_WARN_CONSTANT_CONVERSION = YES;
				CLANG_WARN_DEPRECATED_OBJC_IMPLEMENTATIONS = YES;
				CLANG_WARN_DIRECT_OBJC_ISA_USAGE = YES_ERROR;
				CLANG_WARN_DOCUMENTATION_COMMENTS = YES;
				CLANG_WARN_EMPTY_BODY = YES;
				CLANG_WARN_ENUM_CONVERSION = YES;
				CLANG_WARN_INFINITE_RECURSION = YES;
				CLANG_WARN_INT_CONVERSION = YES;
				CLANG_WARN_NON_LITERAL_NULL_CONVERSION = YES;
				CLANG_WARN_OBJC_IMPLICIT_RETAIN_SELF = YES;
				CLANG_WARN_OBJC_LITERAL_CONVERSION = YES;
				CLANG_WARN_OBJC_ROOT_CLASS = YES_ERROR;
				CLANG_WARN_QUOTED_INCLUDE_IN_FRAMEWORK_HEADER = YES;
				CLANG_WARN_RANGE_LOOP_ANALYSIS = YES;
				CLANG_WARN_STRICT_PROTOTYPES = YES;
				CLANG_WARN_SUSPICIOUS_MOVE = YES;
				CLANG_WARN_UNGUARDED_AVAILABILITY = YES_AGGRESSIVE;
				CLANG_WARN_UNREACHABLE_CODE = YES;
				CLANG_WARN__DUPLICATE_METHOD_MATCH = YES;
				COPY_PHASE_STRIP = NO;
				DEBUG_INFORMATION_FORMAT = "dwarf-with-dsym";
				ENABLE_NS_ASSERTIONS = NO;
				ENABLE_STRICT_OBJC_MSGSEND = YES;
				ENABLE_USER_SCRIPT_SANDBOXING = YES;
				GCC_C_LANGUAGE_STANDARD = gnu17;
				GCC_NO_COMMON_BLOCKS = YES;
				GCC_WARN_64_TO_32_BIT_CONVERSION = YES;
				GCC_WARN_ABOUT_RETURN_TYPE = YES_ERROR;
				GCC_WARN_UNDECLARED_SELECTOR = YES;
				GCC_WARN_UNINITIALIZED_AUTOS = YES_AGGRESSIVE;
				GCC_WARN_UNUSED_FUNCTION = YES;
				GCC_WARN_UNUSED_VARIABLE = YES;
				IPHONEOS_DEPLOYMENT_TARGET = 17.4;
				LOCALIZATION_PREFERS_STRING_CATALOGS = YES;
				MTL_ENABLE_DEBUG_INFO = NO;
				MTL_FAST_MATH = YES;
				SDKROOT = iphoneos;
				SWIFT_COMPILATION_MODE = wholemodule;
				VALIDATE_PRODUCT = YES;
			};
			name = Release;
		};
		D1E672E22BC4FD3500A32790 /* Debug */ = {
			isa = XCBuildConfiguration;
			buildSettings = {
				ASSETCATALOG_COMPILER_APPICON_NAME = AppIcon;
				ASSETCATALOG_COMPILER_GLOBAL_ACCENT_COLOR_NAME = AccentColor;
				CODE_SIGN_STYLE = Automatic;
				CURRENT_PROJECT_VERSION = 1;
				DEVELOPMENT_TEAM = 5664C7G97A;
				GENERATE_INFOPLIST_FILE = YES;
				INFOPLIST_FILE = WithMorning_iOS/Info.plist;
				INFOPLIST_KEY_UIApplicationSupportsIndirectInputEvents = YES;
				INFOPLIST_KEY_UILaunchStoryboardName = LaunchScreen;
				INFOPLIST_KEY_UISupportedInterfaceOrientations_iPad = "UIInterfaceOrientationPortrait UIInterfaceOrientationPortraitUpsideDown UIInterfaceOrientationLandscapeLeft UIInterfaceOrientationLandscapeRight";
				INFOPLIST_KEY_UISupportedInterfaceOrientations_iPhone = "UIInterfaceOrientationPortrait UIInterfaceOrientationLandscapeLeft UIInterfaceOrientationLandscapeRight";
				IPHONEOS_DEPLOYMENT_TARGET = 17.4;
				LD_RUNPATH_SEARCH_PATHS = (
					"$(inherited)",
					"@executable_path/Frameworks",
				);
				MARKETING_VERSION = 1.0;
				PRODUCT_BUNDLE_IDENTIFIER = "ash-amad.WithMorning-iOS";
				PRODUCT_NAME = "$(TARGET_NAME)";
				SWIFT_EMIT_LOC_STRINGS = YES;
				SWIFT_VERSION = 5.0;
				TARGETED_DEVICE_FAMILY = "1,2";
			};
			name = Debug;
		};
		D1E672E32BC4FD3500A32790 /* Release */ = {
			isa = XCBuildConfiguration;
			buildSettings = {
				ASSETCATALOG_COMPILER_APPICON_NAME = AppIcon;
				ASSETCATALOG_COMPILER_GLOBAL_ACCENT_COLOR_NAME = AccentColor;
				CODE_SIGN_STYLE = Automatic;
				CURRENT_PROJECT_VERSION = 1;
				DEVELOPMENT_TEAM = 5664C7G97A;
				GENERATE_INFOPLIST_FILE = YES;
				INFOPLIST_FILE = WithMorning_iOS/Info.plist;
				INFOPLIST_KEY_UIApplicationSupportsIndirectInputEvents = YES;
				INFOPLIST_KEY_UILaunchStoryboardName = LaunchScreen;
				INFOPLIST_KEY_UISupportedInterfaceOrientations_iPad = "UIInterfaceOrientationPortrait UIInterfaceOrientationPortraitUpsideDown UIInterfaceOrientationLandscapeLeft UIInterfaceOrientationLandscapeRight";
				INFOPLIST_KEY_UISupportedInterfaceOrientations_iPhone = "UIInterfaceOrientationPortrait UIInterfaceOrientationLandscapeLeft UIInterfaceOrientationLandscapeRight";
				IPHONEOS_DEPLOYMENT_TARGET = 17.4;
				LD_RUNPATH_SEARCH_PATHS = (
					"$(inherited)",
					"@executable_path/Frameworks",
				);
				MARKETING_VERSION = 1.0;
				PRODUCT_BUNDLE_IDENTIFIER = "ash-amad.WithMorning-iOS";
				PRODUCT_NAME = "$(TARGET_NAME)";
				SWIFT_EMIT_LOC_STRINGS = YES;
				SWIFT_VERSION = 5.0;
				TARGETED_DEVICE_FAMILY = "1,2";
			};
			name = Release;
		};
		D1E672E52BC4FD3500A32790 /* Debug */ = {
			isa = XCBuildConfiguration;
			buildSettings = {
				ALWAYS_EMBED_SWIFT_STANDARD_LIBRARIES = YES;
				BUNDLE_LOADER = "$(TEST_HOST)";
				CODE_SIGN_STYLE = Automatic;
				CURRENT_PROJECT_VERSION = 1;
				DEVELOPMENT_TEAM = 5664C7G97A;
				GENERATE_INFOPLIST_FILE = YES;
				IPHONEOS_DEPLOYMENT_TARGET = 17.4;
				MARKETING_VERSION = 1.0;
				PRODUCT_BUNDLE_IDENTIFIER = "ash-amad.WithMorning-iOSTests";
				PRODUCT_NAME = "$(TARGET_NAME)";
				SWIFT_EMIT_LOC_STRINGS = NO;
				SWIFT_VERSION = 5.0;
				TARGETED_DEVICE_FAMILY = "1,2";
				TEST_HOST = "$(BUILT_PRODUCTS_DIR)/WithMorning_iOS.app/$(BUNDLE_EXECUTABLE_FOLDER_PATH)/WithMorning_iOS";
			};
			name = Debug;
		};
		D1E672E62BC4FD3500A32790 /* Release */ = {
			isa = XCBuildConfiguration;
			buildSettings = {
				ALWAYS_EMBED_SWIFT_STANDARD_LIBRARIES = YES;
				BUNDLE_LOADER = "$(TEST_HOST)";
				CODE_SIGN_STYLE = Automatic;
				CURRENT_PROJECT_VERSION = 1;
				DEVELOPMENT_TEAM = 5664C7G97A;
				GENERATE_INFOPLIST_FILE = YES;
				IPHONEOS_DEPLOYMENT_TARGET = 17.4;
				MARKETING_VERSION = 1.0;
				PRODUCT_BUNDLE_IDENTIFIER = "ash-amad.WithMorning-iOSTests";
				PRODUCT_NAME = "$(TARGET_NAME)";
				SWIFT_EMIT_LOC_STRINGS = NO;
				SWIFT_VERSION = 5.0;
				TARGETED_DEVICE_FAMILY = "1,2";
				TEST_HOST = "$(BUILT_PRODUCTS_DIR)/WithMorning_iOS.app/$(BUNDLE_EXECUTABLE_FOLDER_PATH)/WithMorning_iOS";
			};
			name = Release;
		};
		D1E672E82BC4FD3500A32790 /* Debug */ = {
			isa = XCBuildConfiguration;
			buildSettings = {
				ALWAYS_EMBED_SWIFT_STANDARD_LIBRARIES = YES;
				CODE_SIGN_STYLE = Automatic;
				CURRENT_PROJECT_VERSION = 1;
				DEVELOPMENT_TEAM = 5664C7G97A;
				GENERATE_INFOPLIST_FILE = YES;
				MARKETING_VERSION = 1.0;
				PRODUCT_BUNDLE_IDENTIFIER = "ash-amad.WithMorning-iOSUITests";
				PRODUCT_NAME = "$(TARGET_NAME)";
				SWIFT_EMIT_LOC_STRINGS = NO;
				SWIFT_VERSION = 5.0;
				TARGETED_DEVICE_FAMILY = "1,2";
				TEST_TARGET_NAME = WithMorning_iOS;
			};
			name = Debug;
		};
		D1E672E92BC4FD3500A32790 /* Release */ = {
			isa = XCBuildConfiguration;
			buildSettings = {
				ALWAYS_EMBED_SWIFT_STANDARD_LIBRARIES = YES;
				CODE_SIGN_STYLE = Automatic;
				CURRENT_PROJECT_VERSION = 1;
				DEVELOPMENT_TEAM = 5664C7G97A;
				GENERATE_INFOPLIST_FILE = YES;
				MARKETING_VERSION = 1.0;
				PRODUCT_BUNDLE_IDENTIFIER = "ash-amad.WithMorning-iOSUITests";
				PRODUCT_NAME = "$(TARGET_NAME)";
				SWIFT_EMIT_LOC_STRINGS = NO;
				SWIFT_VERSION = 5.0;
				TARGETED_DEVICE_FAMILY = "1,2";
				TEST_TARGET_NAME = WithMorning_iOS;
			};
			name = Release;
		};
/* End XCBuildConfiguration section */

/* Begin XCConfigurationList section */
		D1E672B22BC4FD3300A32790 /* Build configuration list for PBXProject "WithMorning_iOS" */ = {
			isa = XCConfigurationList;
			buildConfigurations = (
				D1E672DF2BC4FD3500A32790 /* Debug */,
				D1E672E02BC4FD3500A32790 /* Release */,
			);
			defaultConfigurationIsVisible = 0;
			defaultConfigurationName = Release;
		};
		D1E672E12BC4FD3500A32790 /* Build configuration list for PBXNativeTarget "WithMorning_iOS" */ = {
			isa = XCConfigurationList;
			buildConfigurations = (
				D1E672E22BC4FD3500A32790 /* Debug */,
				D1E672E32BC4FD3500A32790 /* Release */,
			);
			defaultConfigurationIsVisible = 0;
			defaultConfigurationName = Release;
		};
		D1E672E42BC4FD3500A32790 /* Build configuration list for PBXNativeTarget "WithMorning_iOSTests" */ = {
			isa = XCConfigurationList;
			buildConfigurations = (
				D1E672E52BC4FD3500A32790 /* Debug */,
				D1E672E62BC4FD3500A32790 /* Release */,
			);
			defaultConfigurationIsVisible = 0;
			defaultConfigurationName = Release;
		};
		D1E672E72BC4FD3500A32790 /* Build configuration list for PBXNativeTarget "WithMorning_iOSUITests" */ = {
			isa = XCConfigurationList;
			buildConfigurations = (
				D1E672E82BC4FD3500A32790 /* Debug */,
				D1E672E92BC4FD3500A32790 /* Release */,
			);
			defaultConfigurationIsVisible = 0;
			defaultConfigurationName = Release;
		};
/* End XCConfigurationList section */
	};
	rootObject = D1E672AF2BC4FD3300A32790 /* Project object */;
}
